{
  "name": "vts-node-test",
  "version": "1.0.0",
  "lockfileVersion": 2,
  "requires": true,
  "packages": {
    "": {
      "name": "vts-node-test",
      "version": "1.0.0",
      "dependencies": {
        "vtubestudio": "^3.0.0-beta.3",
        "ws": "^8.8.1"
      }
    },
    "node_modules/vtubestudio": {
      "version": "3.0.0-beta.3",
      "resolved": "https://registry.npmjs.org/vtubestudio/-/vtubestudio-3.0.0-beta.3.tgz",
      "integrity": "sha512-nMLjiZCZ+ZcR76PIrOL0uAgc8A/ds0mhcPfy7SRiplUhMMzCSHKSxAMB7Ky38cyj6He5HaXZ0J/vODepfq2bPw=="
    },
    "node_modules/ws": {
      "version": "8.8.1",
      "resolved": "https://registry.npmjs.org/ws/-/ws-8.8.1.tgz",
      "integrity": "sha512-bGy2JzvzkPowEJV++hF07hAD6niYSr0JzBNo/J29WsB57A2r7Wlc1UFcTR9IzrPvuNVO4B8LGqF8qcpsVOhJCA==",
      "engines": {
        "node": ">=10.0.0"
      },
      "peerDependencies": {
        "bufferutil": "^4.0.1",
        "utf-8-validate": "^5.0.2"
      },
      "peerDependenciesMeta": {
        "bufferutil": {
          "optional": true
        },
        "utf-8-validate": {
          "optional": true
        }
      }
    }
  },
  "dependencies": {
    "vtubestudio": {
      "version": "3.0.0-beta.3",
      "resolved": "https://registry.npmjs.org/vtubestudio/-/vtubestudio-3.0.0-beta.3.tgz",
      "integrity": "sha512-nMLjiZCZ+ZcR76PIrOL0uAgc8A/ds0mhcPfy7SRiplUhMMzCSHKSxAMB7Ky38cyj6He5HaXZ0J/vODepfq2bPw=="
    },
    "ws": {
      "version": "8.8.1",
      "resolved": "https://registry.npmjs.org/ws/-/ws-8.8.1.tgz",
      "integrity": "sha512-bGy2JzvzkPowEJV++hF07hAD6niYSr0JzBNo/J29WsB57A2r7Wlc1UFcTR9IzrPvuNVO4B8LGqF8qcpsVOhJCA==",
      "requires": {}
    }
  }
}
